{
  "name": "LOVESHOP",
  "lockfileVersion": 2,
  "requires": true,
  "packages": {
    "": {
      "dependencies": {
        "dayjs": "^1.11.7",
        "uni-luck-draw": "^1.4.6"
      }
    },
    "node_modules/dayjs": {
      "version": "1.11.7",
      "resolved": "https://registry.npmjs.org/dayjs/-/dayjs-1.11.7.tgz",
      "integrity": "sha512-+Yw9U6YO5TQohxLcIkrXBeY73WP3ejHWVvx8XCk3gxvQDCTEmS48ZrSZCKciI7Bhl/uCMyxYtE9UqRILmFphkQ=="
    },
    "node_modules/lucky-canvas": {
      "version": "1.5.14",
      "resolved": "https://registry.npmjs.org/lucky-canvas/-/lucky-canvas-1.5.14.tgz",
      "integrity": "sha512-tZq0JcUK7lyF7+KhywNNbtR26JOi0I6MNFe9rMi1D/wz50/3Mb9gpFKvh/d4O6/nQa2wRkYGONCVbYHGMf7tgA=="
    },
    "node_modules/uni-luck-draw": {
      "version": "1.4.6",
      "resolved": "https://registry.npmjs.org/uni-luck-draw/-/uni-luck-draw-1.4.6.tgz",
      "integrity": "sha512-zUUqomr9X65/EiRzK//WbSy3wHP6rAI5PPirhAVMMA+dGZXrmZw1Fl81+R5selQb/crLXoQbZ5ZB1ip+j56Z7w==",
      "dependencies": {
        "lucky-canvas": "~1.5.8"
      }
    }
  },
  "dependencies": {
    "dayjs": {
      "version": "1.11.7",
      "resolved": "https://registry.npmjs.org/dayjs/-/dayjs-1.11.7.tgz",
      "integrity": "sha512-+Yw9U6YO5TQohxLcIkrXBeY73WP3ejHWVvx8XCk3gxvQDCTEmS48ZrSZCKciI7Bhl/uCMyxYtE9UqRILmFphkQ=="
    },
    "lucky-canvas": {
      "version": "1.5.14",
      "resolved": "https://registry.npmjs.org/lucky-canvas/-/lucky-canvas-1.5.14.tgz",
      "integrity": "sha512-tZq0JcUK7lyF7+KhywNNbtR26JOi0I6MNFe9rMi1D/wz50/3Mb9gpFKvh/d4O6/nQa2wRkYGONCVbYHGMf7tgA=="
    },
    "uni-luck-draw": {
      "version": "1.4.6",
      "resolved": "https://registry.npmjs.org/uni-luck-draw/-/uni-luck-draw-1.4.6.tgz",
      "integrity": "sha512-zUUqomr9X65/EiRzK//WbSy3wHP6rAI5PPirhAVMMA+dGZXrmZw1Fl81+R5selQb/crLXoQbZ5ZB1ip+j56Z7w==",
      "requires": {
        "lucky-canvas": "~1.5.8"
      }
    }
  }
}
