{
	"name": "uniapp-tmp",
	"version": "1.0.0",
	"lockfileVersion": 2,
	"requires": true,
	"packages": {
		"": {
			"name": "uniapp-tmp",
			"version": "1.0.0",
			"license": "ISC",
			"dependencies": {
				"crypto-js": "^4.1.1",
				"dayjs": "^1.11.8",
				"js-md5": "^0.7.3",
				"lucky-canvas": "^1.7.27",
				"uni-luck-draw": "^1.3.9"
			}
		},
		"node_modules/crypto-js": {
			"version": "4.1.1",
			"resolved": "https://registry.npmjs.org/crypto-js/-/crypto-js-4.1.1.tgz",
			"integrity": "sha512-o2JlM7ydqd3Qk9CA0L4NL6mTzU2sdx96a+oOfPu8Mkl/PK51vSyoi8/rQ8NknZtk44vq15lmhAj9CIAGwgeWKw=="
		},
		"node_modules/dayjs": {
			"version": "1.11.8",
			"resolved": "https://registry.npmjs.org/dayjs/-/dayjs-1.11.8.tgz",
			"integrity": "sha512-LcgxzFoWMEPO7ggRv1Y2N31hUf2R0Vj7fuy/m+Bg1K8rr+KAs1AEy4y9jd5DXe8pbHgX+srkHNS7TH6Q6ZhYeQ=="
		},
		"node_modules/js-md5": {
			"version": "0.7.3",
			"resolved": "https://registry.npmjs.org/js-md5/-/js-md5-0.7.3.tgz",
			"integrity": "sha512-ZC41vPSTLKGwIRjqDh8DfXoCrdQIyBgspJVPXHBGu4nZlAEvG3nf+jO9avM9RmLiGakg7vz974ms99nEV0tmTQ=="
		},
		"node_modules/lucky-canvas": {
			"version": "1.7.27",
			"resolved": "https://registry.npmjs.org/lucky-canvas/-/lucky-canvas-1.7.27.tgz",
			"integrity": "sha512-Ftz6qD+863bI7xijBmZg3dw3cNEc7odPr70EZQcGA14y3TgTAzH65HPosOCd6kKUlMwhntBaHMx3onoj9MtJRQ=="
		},
		"node_modules/uni-luck-draw": {
			"version": "1.4.6",
			"resolved": "https://registry.npmjs.org/uni-luck-draw/-/uni-luck-draw-1.4.6.tgz",
			"integrity": "sha512-zUUqomr9X65/EiRzK//WbSy3wHP6rAI5PPirhAVMMA+dGZXrmZw1Fl81+R5selQb/crLXoQbZ5ZB1ip+j56Z7w==",
			"dependencies": {
				"lucky-canvas": "~1.5.8"
			}
		},
		"node_modules/uni-luck-draw/node_modules/lucky-canvas": {
			"version": "1.5.14",
			"resolved": "https://registry.npmjs.org/lucky-canvas/-/lucky-canvas-1.5.14.tgz",
			"integrity": "sha512-tZq0JcUK7lyF7+KhywNNbtR26JOi0I6MNFe9rMi1D/wz50/3Mb9gpFKvh/d4O6/nQa2wRkYGONCVbYHGMf7tgA=="
		}
	},
	"dependencies": {
		"crypto-js": {
			"version": "4.1.1",
			"resolved": "https://registry.npmjs.org/crypto-js/-/crypto-js-4.1.1.tgz",
			"integrity": "sha512-o2JlM7ydqd3Qk9CA0L4NL6mTzU2sdx96a+oOfPu8Mkl/PK51vSyoi8/rQ8NknZtk44vq15lmhAj9CIAGwgeWKw=="
		},
		"dayjs": {
			"version": "1.11.8",
			"resolved": "https://registry.npmjs.org/dayjs/-/dayjs-1.11.8.tgz",
			"integrity": "sha512-LcgxzFoWMEPO7ggRv1Y2N31hUf2R0Vj7fuy/m+Bg1K8rr+KAs1AEy4y9jd5DXe8pbHgX+srkHNS7TH6Q6ZhYeQ=="
		},
		"js-md5": {
			"version": "0.7.3",
			"resolved": "https://registry.npmjs.org/js-md5/-/js-md5-0.7.3.tgz",
			"integrity": "sha512-ZC41vPSTLKGwIRjqDh8DfXoCrdQIyBgspJVPXHBGu4nZlAEvG3nf+jO9avM9RmLiGakg7vz974ms99nEV0tmTQ=="
		},
		"lucky-canvas": {
			"version": "1.7.27",
			"resolved": "https://registry.npmjs.org/lucky-canvas/-/lucky-canvas-1.7.27.tgz",
			"integrity": "sha512-Ftz6qD+863bI7xijBmZg3dw3cNEc7odPr70EZQcGA14y3TgTAzH65HPosOCd6kKUlMwhntBaHMx3onoj9MtJRQ=="
		},
		"uni-luck-draw": {
			"version": "1.4.6",
			"resolved": "https://registry.npmjs.org/uni-luck-draw/-/uni-luck-draw-1.4.6.tgz",
			"integrity": "sha512-zUUqomr9X65/EiRzK//WbSy3wHP6rAI5PPirhAVMMA+dGZXrmZw1Fl81+R5selQb/crLXoQbZ5ZB1ip+j56Z7w==",
			"requires": {
				"lucky-canvas": "~1.5.8"
			},
			"dependencies": {
				"lucky-canvas": {
					"version": "1.5.14",
					"resolved": "https://registry.npmjs.org/lucky-canvas/-/lucky-canvas-1.5.14.tgz",
					"integrity": "sha512-tZq0JcUK7lyF7+KhywNNbtR26JOi0I6MNFe9rMi1D/wz50/3Mb9gpFKvh/d4O6/nQa2wRkYGONCVbYHGMf7tgA=="
				}
			}
		}
	}
}
