{
    "name": "uniapp-tmp",
    "version": "v0.0.10_4",
    "lockfileVersion": 2,
    "requires": true,
    "packages": {
        "": {
            "version": "v0.0.10_4",
            "dependencies": {
                "dayjs": "^1.11.8"
            }
        },
        "node_modules/dayjs": {
            "version": "1.11.8",
            "resolved": "https://registry.npmjs.org/dayjs/-/dayjs-1.11.8.tgz",
            "integrity": "sha512-LcgxzFoWMEPO7ggRv1Y2N31hUf2R0Vj7fuy/m+Bg1K8rr+KAs1AEy4y9jd5DXe8pbHgX+srkHNS7TH6Q6ZhYeQ=="
        }
    },
    "dependencies": {
        "dayjs": {
            "version": "1.11.8",
            "resolved": "https://registry.npmjs.org/dayjs/-/dayjs-1.11.8.tgz",
            "integrity": "sha512-LcgxzFoWMEPO7ggRv1Y2N31hUf2R0Vj7fuy/m+Bg1K8rr+KAs1AEy4y9jd5DXe8pbHgX+srkHNS7TH6Q6ZhYeQ=="
        }
    }
}
